
Microsoft Visual Studio Solution File, Format Version 12.00
# Visual Studio Version 16
VisualStudioVersion = 16.0.30611.23
MinimumVisualStudioVersion = 10.0.40219.1
Project("{FAE04EC0-301F-11D3-BF4B-00C04F79EFBC}") = "ConsoleAppDatabaseFistAirportH3", "ConsoleAppDatabaseFistAirportH3\ConsoleAppDatabaseFistAirportH3.csproj", "{F084D874-9686-4512-897D-AB9C2AE4B197}"
EndProject
Global
	GlobalSection(SolutionConfigurationPlatforms) = preSolution
		Debug|Any CPU = Debug|Any CPU
		Release|Any CPU = Release|Any CPU
	EndGlobalSection
	GlobalSection(ProjectConfigurationPlatforms) = postSolution
		{F084D874-9686-4512-897D-AB9C2AE4B197}.Debug|Any CPU.ActiveCfg = Debug|Any CPU
		{F084D874-9686-4512-897D-AB9C2AE4B197}.Debug|Any CPU.Build.0 = Debug|Any CPU
		{F084D874-9686-4512-897D-AB9C2AE4B197}.Release|Any CPU.ActiveCfg = Release|Any CPU
		{F084D874-9686-4512-897D-AB9C2AE4B197}.Release|Any CPU.Build.0 = Release|Any CPU
	EndGlobalSection
	GlobalSection(SolutionProperties) = preSolution
		HideSolutionNode = FALSE
	EndGlobalSection
	GlobalSection(ExtensibilityGlobals) = postSolution
		SolutionGuid = {F74F07A9-D2F6-42D2-BAE1-E1DDA5EBA058}
	EndGlobalSection
EndGlobal
